
Microsoft Visual Studio Solution File, Format Version 12.00
# Visual Studio Version 16
VisualStudioVersion = 16.0.31702.278
MinimumVisualStudioVersion = 10.0.40219.1
Project("{FAE04EC0-301F-11D3-BF4B-00C04F79EFBC}") = "MyStack", "MyStack.csproj", "{4E2BF86C-2926-4AB9-A328-2F1E7ABA92DC}"
EndProject
Project("{9A19103F-16F7-4668-BE54-9A1E7A4F7556}") = "MyStackTests", "..\MyStackTests\MyStackTests.csproj", "{97B8F423-7E33-4279-88FD-CD4774B244CB}"
	ProjectSection(ProjectDependencies) = postProject
		{4E2BF86C-2926-4AB9-A328-2F1E7ABA92DC} = {4E2BF86C-2926-4AB9-A328-2F1E7ABA92DC}
	EndProjectSection
EndProject
Global
	GlobalSection(SolutionConfigurationPlatforms) = preSolution
		Debug|Any CPU = Debug|Any CPU
		Release|Any CPU = Release|Any CPU
	EndGlobalSection
	GlobalSection(ProjectConfigurationPlatforms) = postSolution
		{4E2BF86C-2926-4AB9-A328-2F1E7ABA92DC}.Debug|Any CPU.ActiveCfg = Debug|Any CPU
		{4E2BF86C-2926-4AB9-A328-2F1E7ABA92DC}.Debug|Any CPU.Build.0 = Debug|Any CPU
		{4E2BF86C-2926-4AB9-A328-2F1E7ABA92DC}.Release|Any CPU.ActiveCfg = Release|Any CPU
		{4E2BF86C-2926-4AB9-A328-2F1E7ABA92DC}.Release|Any CPU.Build.0 = Release|Any CPU
		{97B8F423-7E33-4279-88FD-CD4774B244CB}.Debug|Any CPU.ActiveCfg = Debug|Any CPU
		{97B8F423-7E33-4279-88FD-CD4774B244CB}.Debug|Any CPU.Build.0 = Debug|Any CPU
		{97B8F423-7E33-4279-88FD-CD4774B244CB}.Release|Any CPU.ActiveCfg = Release|Any CPU
		{97B8F423-7E33-4279-88FD-CD4774B244CB}.Release|Any CPU.Build.0 = Release|Any CPU
	EndGlobalSection
	GlobalSection(SolutionProperties) = preSolution
		HideSolutionNode = FALSE
	EndGlobalSection
	GlobalSection(ExtensibilityGlobals) = postSolution
		SolutionGuid = {7B636959-B83F-4BCF-A071-D6DC78096EDC}
	EndGlobalSection
EndGlobal
